// !$*UTF8*$!
{
	archiveVersion = 1;
	classes = {
	};
	objectVersion = 55;
	objects = {

/* Begin PBXBuildFile section */
		886F96022710836C0019FE40 /* HackathonAppApp.swift in Sources */ = {isa = PBXBuildFile; fileRef = 886F96012710836C0019FE40 /* HackathonAppApp.swift */; };
		886F96042710836C0019FE40 /* ContentView.swift in Sources */ = {isa = PBXBuildFile; fileRef = 886F96032710836C0019FE40 /* ContentView.swift */; };
		886F96062710836D0019FE40 /* Assets.xcassets in Resources */ = {isa = PBXBuildFile; fileRef = 886F96052710836D0019FE40 /* Assets.xcassets */; };
		886F96092710836D0019FE40 /* Preview Assets.xcassets in Resources */ = {isa = PBXBuildFile; fileRef = 886F96082710836D0019FE40 /* Preview Assets.xcassets */; };
		886F9611271126D10019FE40 /* TutorialBooks.swift in Sources */ = {isa = PBXBuildFile; fileRef = 886F9610271126D10019FE40 /* TutorialBooks.swift */; };
		886F9613271128080019FE40 /* TutorialBookRow.swift in Sources */ = {isa = PBXBuildFile; fileRef = 886F9612271128080019FE40 /* TutorialBookRow.swift */; };
		886F961727112D8D0019FE40 /* TestListView.swift in Sources */ = {isa = PBXBuildFile; fileRef = 886F961627112D8D0019FE40 /* TestListView.swift */; };
		886F961927112EAA0019FE40 /* TestView.swift in Sources */ = {isa = PBXBuildFile; fileRef = 886F961827112EAA0019FE40 /* TestView.swift */; };
		886F961C271136000019FE40 /* MentorView.swift in Sources */ = {isa = PBXBuildFile; fileRef = 886F961B271136000019FE40 /* MentorView.swift */; };
		886F961F271137930019FE40 /* MessageBubbleView.swift in Sources */ = {isa = PBXBuildFile; fileRef = 886F961E271137930019FE40 /* MessageBubbleView.swift */; };
		886F9621271138A90019FE40 /* MentorBannerView.swift in Sources */ = {isa = PBXBuildFile; fileRef = 886F9620271138A90019FE40 /* MentorBannerView.swift */; };
		886F96242711487A0019FE40 /* ChatView.swift in Sources */ = {isa = PBXBuildFile; fileRef = 886F96232711487A0019FE40 /* ChatView.swift */; };
		EDB6402D2710D6210062777F /* MainView.swift in Sources */ = {isa = PBXBuildFile; fileRef = EDB6402C2710D6210062777F /* MainView.swift */; };
		EDB640302710D63A0062777F /* QuizView.swift in Sources */ = {isa = PBXBuildFile; fileRef = EDB6402F2710D63A0062777F /* QuizView.swift */; };
		EDB640322710D6470062777F /* ProfileView.swift in Sources */ = {isa = PBXBuildFile; fileRef = EDB640312710D6470062777F /* ProfileView.swift */; };
		EDB640342710DFA10062777F /* GreetingsHeaderView.swift in Sources */ = {isa = PBXBuildFile; fileRef = EDB640332710DFA10062777F /* GreetingsHeaderView.swift */; };
		EDB640362710E4890062777F /* CornerRadiusStyle.swift in Sources */ = {isa = PBXBuildFile; fileRef = EDB640352710E4890062777F /* CornerRadiusStyle.swift */; };
		EDB6403A2710EAC10062777F /* CircleProgressBar.swift in Sources */ = {isa = PBXBuildFile; fileRef = EDB640392710EAC10062777F /* CircleProgressBar.swift */; };
		EDB6403E2710EF9D0062777F /* StoriesView.swift in Sources */ = {isa = PBXBuildFile; fileRef = EDB6403D2710EF9D0062777F /* StoriesView.swift */; };
		EDB640402710EFC40062777F /* StoryView.swift in Sources */ = {isa = PBXBuildFile; fileRef = EDB6403F2710EFC40062777F /* StoryView.swift */; };
/* End PBXBuildFile section */

/* Begin PBXFileReference section */
		886F95FE2710836C0019FE40 /* HackathonApp.app */ = {isa = PBXFileReference; explicitFileType = wrapper.application; includeInIndex = 0; path = HackathonApp.app; sourceTree = BUILT_PRODUCTS_DIR; };
		886F96012710836C0019FE40 /* HackathonAppApp.swift */ = {isa = PBXFileReference; lastKnownFileType = sourcecode.swift; path = HackathonAppApp.swift; sourceTree = "<group>"; };
		886F96032710836C0019FE40 /* ContentView.swift */ = {isa = PBXFileReference; lastKnownFileType = sourcecode.swift; path = ContentView.swift; sourceTree = "<group>"; };
		886F96052710836D0019FE40 /* Assets.xcassets */ = {isa = PBXFileReference; lastKnownFileType = folder.assetcatalog; path = Assets.xcassets; sourceTree = "<group>"; };
		886F96082710836D0019FE40 /* Preview Assets.xcassets */ = {isa = PBXFileReference; lastKnownFileType = folder.assetcatalog; path = "Preview Assets.xcassets"; sourceTree = "<group>"; };
		886F9610271126D10019FE40 /* TutorialBooks.swift */ = {isa = PBXFileReference; lastKnownFileType = sourcecode.swift; path = TutorialBooks.swift; sourceTree = "<group>"; };
		886F9612271128080019FE40 /* TutorialBookRow.swift */ = {isa = PBXFileReference; lastKnownFileType = sourcecode.swift; path = TutorialBookRow.swift; sourceTree = "<group>"; };
		886F961627112D8D0019FE40 /* TestListView.swift */ = {isa = PBXFileReference; lastKnownFileType = sourcecode.swift; path = TestListView.swift; sourceTree = "<group>"; };
		886F961827112EAA0019FE40 /* TestView.swift */ = {isa = PBXFileReference; lastKnownFileType = sourcecode.swift; path = TestView.swift; sourceTree = "<group>"; };
		886F961B271136000019FE40 /* MentorView.swift */ = {isa = PBXFileReference; lastKnownFileType = sourcecode.swift; path = MentorView.swift; sourceTree = "<group>"; };
		886F961E271137930019FE40 /* MessageBubbleView.swift */ = {isa = PBXFileReference; lastKnownFileType = sourcecode.swift; path = MessageBubbleView.swift; sourceTree = "<group>"; };
		886F9620271138A90019FE40 /* MentorBannerView.swift */ = {isa = PBXFileReference; lastKnownFileType = sourcecode.swift; path = MentorBannerView.swift; sourceTree = "<group>"; };
		886F96232711487A0019FE40 /* ChatView.swift */ = {isa = PBXFileReference; lastKnownFileType = sourcecode.swift; path = ChatView.swift; sourceTree = "<group>"; };
		EDB6402C2710D6210062777F /* MainView.swift */ = {isa = PBXFileReference; lastKnownFileType = sourcecode.swift; path = MainView.swift; sourceTree = "<group>"; };
		EDB6402F2710D63A0062777F /* QuizView.swift */ = {isa = PBXFileReference; lastKnownFileType = sourcecode.swift; path = QuizView.swift; sourceTree = "<group>"; };
		EDB640312710D6470062777F /* ProfileView.swift */ = {isa = PBXFileReference; lastKnownFileType = sourcecode.swift; path = ProfileView.swift; sourceTree = "<group>"; };
		EDB640332710DFA10062777F /* GreetingsHeaderView.swift */ = {isa = PBXFileReference; lastKnownFileType = sourcecode.swift; path = GreetingsHeaderView.swift; sourceTree = "<group>"; };
		EDB640352710E4890062777F /* CornerRadiusStyle.swift */ = {isa = PBXFileReference; lastKnownFileType = sourcecode.swift; path = CornerRadiusStyle.swift; sourceTree = "<group>"; };
		EDB640392710EAC10062777F /* CircleProgressBar.swift */ = {isa = PBXFileReference; lastKnownFileType = sourcecode.swift; path = CircleProgressBar.swift; sourceTree = "<group>"; };
		EDB6403D2710EF9D0062777F /* StoriesView.swift */ = {isa = PBXFileReference; lastKnownFileType = sourcecode.swift; path = StoriesView.swift; sourceTree = "<group>"; };
		EDB6403F2710EFC40062777F /* StoryView.swift */ = {isa = PBXFileReference; lastKnownFileType = sourcecode.swift; path = StoryView.swift; sourceTree = "<group>"; };
/* End PBXFileReference section */

/* Begin PBXFrameworksBuildPhase section */
		886F95FB2710836C0019FE40 /* Frameworks */ = {
			isa = PBXFrameworksBuildPhase;
			buildActionMask = 2147483647;
			files = (
			);
			runOnlyForDeploymentPostprocessing = 0;
		};
/* End PBXFrameworksBuildPhase section */

/* Begin PBXGroup section */
		886F95F52710836C0019FE40 = {
			isa = PBXGroup;
			children = (
				886F96002710836C0019FE40 /* HackathonApp */,
				886F95FF2710836C0019FE40 /* Products */,
			);
			sourceTree = "<group>";
		};
		886F95FF2710836C0019FE40 /* Products */ = {
			isa = PBXGroup;
			children = (
				886F95FE2710836C0019FE40 /* HackathonApp.app */,
			);
			name = Products;
			sourceTree = "<group>";
		};
		886F96002710836C0019FE40 /* HackathonApp */ = {
			isa = PBXGroup;
			children = (
				886F96012710836C0019FE40 /* HackathonAppApp.swift */,
				EDB640372710E4910062777F /* Utils */,
				EDB6402E2710D6260062777F /* View */,
				886F96052710836D0019FE40 /* Assets.xcassets */,
				886F96072710836D0019FE40 /* Preview Content */,
			);
			path = HackathonApp;
			sourceTree = "<group>";
		};
		886F96072710836D0019FE40 /* Preview Content */ = {
			isa = PBXGroup;
			children = (
				886F96082710836D0019FE40 /* Preview Assets.xcassets */,
			);
			path = "Preview Content";
			sourceTree = "<group>";
		};
		886F960F2711268F0019FE40 /* TutorialBooksSection */ = {
			isa = PBXGroup;
			children = (
				886F9610271126D10019FE40 /* TutorialBooks.swift */,
				886F9612271128080019FE40 /* TutorialBookRow.swift */,
			);
			path = TutorialBooksSection;
			sourceTree = "<group>";
		};
		886F961527112D7E0019FE40 /* TestsSection */ = {
			isa = PBXGroup;
			children = (
				886F961627112D8D0019FE40 /* TestListView.swift */,
				886F961827112EAA0019FE40 /* TestView.swift */,
			);
			path = TestsSection;
			sourceTree = "<group>";
		};
		886F961A271135C10019FE40 /* MentorSection */ = {
			isa = PBXGroup;
			children = (
				886F961B271136000019FE40 /* MentorView.swift */,
				886F9620271138A90019FE40 /* MentorBannerView.swift */,
			);
			path = MentorSection;
			sourceTree = "<group>";
		};
		886F961D271137830019FE40 /* CommonViews */ = {
			isa = PBXGroup;
			children = (
				886F961E271137930019FE40 /* MessageBubbleView.swift */,
			);
			path = CommonViews;
			sourceTree = "<group>";
		};
		886F96222711480D0019FE40 /* ChatView */ = {
			isa = PBXGroup;
			children = (
				886F96232711487A0019FE40 /* ChatView.swift */,
			);
			path = ChatView;
			sourceTree = "<group>";
		};
		EDB6402E2710D6260062777F /* View */ = {
			isa = PBXGroup;
			children = (
				886F96222711480D0019FE40 /* ChatView */,
				886F96032710836C0019FE40 /* ContentView.swift */,
				EDB640382710EAB20062777F /* Main */,
				EDB6402F2710D63A0062777F /* QuizView.swift */,
				EDB640312710D6470062777F /* ProfileView.swift */,
			);
			path = View;
			sourceTree = "<group>";
		};
		EDB640372710E4910062777F /* Utils */ = {
			isa = PBXGroup;
			children = (
				886F961D271137830019FE40 /* CommonViews */,
				EDB640352710E4890062777F /* CornerRadiusStyle.swift */,
			);
			path = Utils;
			sourceTree = "<group>";
		};
		EDB640382710EAB20062777F /* Main */ = {
			isa = PBXGroup;
			children = (
				EDB6402C2710D6210062777F /* MainView.swift */,
				EDB6403B2710EF5A0062777F /* Sections */,
			);
			path = Main;
			sourceTree = "<group>";
		};
		EDB6403B2710EF5A0062777F /* Sections */ = {
			isa = PBXGroup;
			children = (
				886F961A271135C10019FE40 /* MentorSection */,
				886F961527112D7E0019FE40 /* TestsSection */,
				886F960F2711268F0019FE40 /* TutorialBooksSection */,
				EDB640412710EFFE0062777F /* GreetingsHeader */,
				EDB640422710F0080062777F /* Stories */,
			);
			path = Sections;
			sourceTree = "<group>";
		};
		EDB640412710EFFE0062777F /* GreetingsHeader */ = {
			isa = PBXGroup;
			children = (
				EDB640392710EAC10062777F /* CircleProgressBar.swift */,
				EDB640332710DFA10062777F /* GreetingsHeaderView.swift */,
			);
			path = GreetingsHeader;
			sourceTree = "<group>";
		};
		EDB640422710F0080062777F /* Stories */ = {
			isa = PBXGroup;
			children = (
				EDB6403F2710EFC40062777F /* StoryView.swift */,
				EDB6403D2710EF9D0062777F /* StoriesView.swift */,
			);
			path = Stories;
			sourceTree = "<group>";
		};
/* End PBXGroup section */

/* Begin PBXNativeTarget section */
		886F95FD2710836C0019FE40 /* HackathonApp */ = {
			isa = PBXNativeTarget;
			buildConfigurationList = 886F960C2710836D0019FE40 /* Build configuration list for PBXNativeTarget "HackathonApp" */;
			buildPhases = (
				886F95FA2710836C0019FE40 /* Sources */,
				886F95FB2710836C0019FE40 /* Frameworks */,
				886F95FC2710836C0019FE40 /* Resources */,
			);
			buildRules = (
			);
			dependencies = (
			);
			name = HackathonApp;
			productName = HackathonApp;
			productReference = 886F95FE2710836C0019FE40 /* HackathonApp.app */;
			productType = "com.apple.product-type.application";
		};
/* End PBXNativeTarget section */

/* Begin PBXProject section */
		886F95F62710836C0019FE40 /* Project object */ = {
			isa = PBXProject;
			attributes = {
				BuildIndependentTargetsInParallel = 1;
				LastSwiftUpdateCheck = 1300;
				LastUpgradeCheck = 1300;
				TargetAttributes = {
					886F95FD2710836C0019FE40 = {
						CreatedOnToolsVersion = 13.0;
					};
				};
			};
			buildConfigurationList = 886F95F92710836C0019FE40 /* Build configuration list for PBXProject "HackathonApp" */;
			compatibilityVersion = "Xcode 13.0";
			developmentRegion = en;
			hasScannedForEncodings = 0;
			knownRegions = (
				en,
				Base,
			);
			mainGroup = 886F95F52710836C0019FE40;
			productRefGroup = 886F95FF2710836C0019FE40 /* Products */;
			projectDirPath = "";
			projectRoot = "";
			targets = (
				886F95FD2710836C0019FE40 /* HackathonApp */,
			);
		};
/* End PBXProject section */

/* Begin PBXResourcesBuildPhase section */
		886F95FC2710836C0019FE40 /* Resources */ = {
			isa = PBXResourcesBuildPhase;
			buildActionMask = 2147483647;
			files = (
				886F96092710836D0019FE40 /* Preview Assets.xcassets in Resources */,
				886F96062710836D0019FE40 /* Assets.xcassets in Resources */,
			);
			runOnlyForDeploymentPostprocessing = 0;
		};
/* End PBXResourcesBuildPhase section */

/* Begin PBXSourcesBuildPhase section */
		886F95FA2710836C0019FE40 /* Sources */ = {
			isa = PBXSourcesBuildPhase;
			buildActionMask = 2147483647;
			files = (
				886F961C271136000019FE40 /* MentorView.swift in Sources */,
				886F961927112EAA0019FE40 /* TestView.swift in Sources */,
				EDB640402710EFC40062777F /* StoryView.swift in Sources */,
				886F96042710836C0019FE40 /* ContentView.swift in Sources */,
				886F96242711487A0019FE40 /* ChatView.swift in Sources */,
				886F9621271138A90019FE40 /* MentorBannerView.swift in Sources */,
				EDB640302710D63A0062777F /* QuizView.swift in Sources */,
				EDB6403E2710EF9D0062777F /* StoriesView.swift in Sources */,
				EDB640322710D6470062777F /* ProfileView.swift in Sources */,
				EDB6402D2710D6210062777F /* MainView.swift in Sources */,
				EDB640362710E4890062777F /* CornerRadiusStyle.swift in Sources */,
				EDB640342710DFA10062777F /* GreetingsHeaderView.swift in Sources */,
				EDB6403A2710EAC10062777F /* CircleProgressBar.swift in Sources */,
				886F961727112D8D0019FE40 /* TestListView.swift in Sources */,
				886F9611271126D10019FE40 /* TutorialBooks.swift in Sources */,
				886F96022710836C0019FE40 /* HackathonAppApp.swift in Sources */,
				886F961F271137930019FE40 /* MessageBubbleView.swift in Sources */,
				886F9613271128080019FE40 /* TutorialBookRow.swift in Sources */,
			);
			runOnlyForDeploymentPostprocessing = 0;
		};
/* End PBXSourcesBuildPhase section */

/* Begin XCBuildConfiguration section */
		886F960A2710836D0019FE40 /* Debug */ = {
			isa = XCBuildConfiguration;
			buildSettings = {
				ALWAYS_SEARCH_USER_PATHS = NO;
				CLANG_ANALYZER_NONNULL = YES;
				CLANG_ANALYZER_NUMBER_OBJECT_CONVERSION = YES_AGGRESSIVE;
				CLANG_CXX_LANGUAGE_STANDARD = "gnu++17";
				CLANG_CXX_LIBRARY = "libc++";
				CLANG_ENABLE_MODULES = YES;
				CLANG_ENABLE_OBJC_ARC = YES;
				CLANG_ENABLE_OBJC_WEAK = YES;
				CLANG_WARN_BLOCK_CAPTURE_AUTORELEASING = YES;
				CLANG_WARN_BOOL_CONVERSION = YES;
				CLANG_WARN_COMMA = YES;
				CLANG_WARN_CONSTANT_CONVERSION = YES;
				CLANG_WARN_DEPRECATED_OBJC_IMPLEMENTATIONS = YES;
				CLANG_WARN_DIRECT_OBJC_ISA_USAGE = YES_ERROR;
				CLANG_WARN_DOCUMENTATION_COMMENTS = YES;
				CLANG_WARN_EMPTY_BODY = YES;
				CLANG_WARN_ENUM_CONVERSION = YES;
				CLANG_WARN_INFINITE_RECURSION = YES;
				CLANG_WARN_INT_CONVERSION = YES;
				CLANG_WARN_NON_LITERAL_NULL_CONVERSION = YES;
				CLANG_WARN_OBJC_IMPLICIT_RETAIN_SELF = YES;
				CLANG_WARN_OBJC_LITERAL_CONVERSION = YES;
				CLANG_WARN_OBJC_ROOT_CLASS = YES_ERROR;
				CLANG_WARN_QUOTED_INCLUDE_IN_FRAMEWORK_HEADER = YES;
				CLANG_WARN_RANGE_LOOP_ANALYSIS = YES;
				CLANG_WARN_STRICT_PROTOTYPES = YES;
				CLANG_WARN_SUSPICIOUS_MOVE = YES;
				CLANG_WARN_UNGUARDED_AVAILABILITY = YES_AGGRESSIVE;
				CLANG_WARN_UNREACHABLE_CODE = YES;
				CLANG_WARN__DUPLICATE_METHOD_MATCH = YES;
				COPY_PHASE_STRIP = NO;
				DEBUG_INFORMATION_FORMAT = dwarf;
				ENABLE_STRICT_OBJC_MSGSEND = YES;
				ENABLE_TESTABILITY = YES;
				GCC_C_LANGUAGE_STANDARD = gnu11;
				GCC_DYNAMIC_NO_PIC = NO;
				GCC_NO_COMMON_BLOCKS = YES;
				GCC_OPTIMIZATION_LEVEL = 0;
				GCC_PREPROCESSOR_DEFINITIONS = (
					"DEBUG=1",
					"$(inherited)",
				);
				GCC_WARN_64_TO_32_BIT_CONVERSION = YES;
				GCC_WARN_ABOUT_RETURN_TYPE = YES_ERROR;
				GCC_WARN_UNDECLARED_SELECTOR = YES;
				GCC_WARN_UNINITIALIZED_AUTOS = YES_AGGRESSIVE;
				GCC_WARN_UNUSED_FUNCTION = YES;
				GCC_WARN_UNUSED_VARIABLE = YES;
				IPHONEOS_DEPLOYMENT_TARGET = 15.0;
				MTL_ENABLE_DEBUG_INFO = INCLUDE_SOURCE;
				MTL_FAST_MATH = YES;
				ONLY_ACTIVE_ARCH = YES;
				SDKROOT = iphoneos;
				SWIFT_ACTIVE_COMPILATION_CONDITIONS = DEBUG;
				SWIFT_OPTIMIZATION_LEVEL = "-Onone";
			};
			name = Debug;
		};
		886F960B2710836D0019FE40 /* Release */ = {
			isa = XCBuildConfiguration;
			buildSettings = {
				ALWAYS_SEARCH_USER_PATHS = NO;
				CLANG_ANALYZER_NONNULL = YES;
				CLANG_ANALYZER_NUMBER_OBJECT_CONVERSION = YES_AGGRESSIVE;
				CLANG_CXX_LANGUAGE_STANDARD = "gnu++17";
				CLANG_CXX_LIBRARY = "libc++";
				CLANG_ENABLE_MODULES = YES;
				CLANG_ENABLE_OBJC_ARC = YES;
				CLANG_ENABLE_OBJC_WEAK = YES;
				CLANG_WARN_BLOCK_CAPTURE_AUTORELEASING = YES;
				CLANG_WARN_BOOL_CONVERSION = YES;
				CLANG_WARN_COMMA = YES;
				CLANG_WARN_CONSTANT_CONVERSION = YES;
				CLANG_WARN_DEPRECATED_OBJC_IMPLEMENTATIONS = YES;
				CLANG_WARN_DIRECT_OBJC_ISA_USAGE = YES_ERROR;
				CLANG_WARN_DOCUMENTATION_COMMENTS = YES;
				CLANG_WARN_EMPTY_BODY = YES;
				CLANG_WARN_ENUM_CONVERSION = YES;
				CLANG_WARN_INFINITE_RECURSION = YES;
				CLANG_WARN_INT_CONVERSION = YES;
				CLANG_WARN_NON_LITERAL_NULL_CONVERSION = YES;
				CLANG_WARN_OBJC_IMPLICIT_RETAIN_SELF = YES;
				CLANG_WARN_OBJC_LITERAL_CONVERSION = YES;
				CLANG_WARN_OBJC_ROOT_CLASS = YES_ERROR;
				CLANG_WARN_QUOTED_INCLUDE_IN_FRAMEWORK_HEADER = YES;
				CLANG_WARN_RANGE_LOOP_ANALYSIS = YES;
				CLANG_WARN_STRICT_PROTOTYPES = YES;
				CLANG_WARN_SUSPICIOUS_MOVE = YES;
				CLANG_WARN_UNGUARDED_AVAILABILITY = YES_AGGRESSIVE;
				CLANG_WARN_UNREACHABLE_CODE = YES;
				CLANG_WARN__DUPLICATE_METHOD_MATCH = YES;
				COPY_PHASE_STRIP = NO;
				DEBUG_INFORMATION_FORMAT = "dwarf-with-dsym";
				ENABLE_NS_ASSERTIONS = NO;
				ENABLE_STRICT_OBJC_MSGSEND = YES;
				GCC_C_LANGUAGE_STANDARD = gnu11;
				GCC_NO_COMMON_BLOCKS = YES;
				GCC_WARN_64_TO_32_BIT_CONVERSION = YES;
				GCC_WARN_ABOUT_RETURN_TYPE = YES_ERROR;
				GCC_WARN_UNDECLARED_SELECTOR = YES;
				GCC_WARN_UNINITIALIZED_AUTOS = YES_AGGRESSIVE;
				GCC_WARN_UNUSED_FUNCTION = YES;
				GCC_WARN_UNUSED_VARIABLE = YES;
				IPHONEOS_DEPLOYMENT_TARGET = 15.0;
				MTL_ENABLE_DEBUG_INFO = NO;
				MTL_FAST_MATH = YES;
				SDKROOT = iphoneos;
				SWIFT_COMPILATION_MODE = wholemodule;
				SWIFT_OPTIMIZATION_LEVEL = "-O";
				VALIDATE_PRODUCT = YES;
			};
			name = Release;
		};
		886F960D2710836D0019FE40 /* Debug */ = {
			isa = XCBuildConfiguration;
			buildSettings = {
				ASSETCATALOG_COMPILER_APPICON_NAME = AppIcon;
				ASSETCATALOG_COMPILER_GLOBAL_ACCENT_COLOR_NAME = AccentColor;
				CODE_SIGN_STYLE = Automatic;
				CURRENT_PROJECT_VERSION = 1;
				DEVELOPMENT_ASSET_PATHS = "\"HackathonApp/Preview Content\"";
				DEVELOPMENT_TEAM = 44ZWCLCJ2W;
				ENABLE_PREVIEWS = YES;
				GENERATE_INFOPLIST_FILE = YES;
				INFOPLIST_KEY_UIApplicationSceneManifest_Generation = YES;
				INFOPLIST_KEY_UIApplicationSupportsIndirectInputEvents = YES;
				INFOPLIST_KEY_UILaunchScreen_Generation = YES;
				INFOPLIST_KEY_UISupportedInterfaceOrientations_iPad = "UIInterfaceOrientationPortrait UIInterfaceOrientationPortraitUpsideDown UIInterfaceOrientationLandscapeLeft UIInterfaceOrientationLandscapeRight";
				INFOPLIST_KEY_UISupportedInterfaceOrientations_iPhone = "UIInterfaceOrientationPortrait UIInterfaceOrientationLandscapeLeft UIInterfaceOrientationLandscapeRight";
				IPHONEOS_DEPLOYMENT_TARGET = 14.0;
				LD_RUNPATH_SEARCH_PATHS = (
					"$(inherited)",
					"@executable_path/Frameworks",
				);
				MARKETING_VERSION = 1.0;
				PRODUCT_BUNDLE_IDENTIFIER = com.gmail.mrvalter566.HackathonApp;
				PRODUCT_NAME = "$(TARGET_NAME)";
				SWIFT_EMIT_LOC_STRINGS = YES;
				SWIFT_VERSION = 5.0;
				TARGETED_DEVICE_FAMILY = "1,2";
			};
			name = Debug;
		};
		886F960E2710836D0019FE40 /* Release */ = {
			isa = XCBuildConfiguration;
			buildSettings = {
				ASSETCATALOG_COMPILER_APPICON_NAME = AppIcon;
				ASSETCATALOG_COMPILER_GLOBAL_ACCENT_COLOR_NAME = AccentColor;
				CODE_SIGN_STYLE = Automatic;
				CURRENT_PROJECT_VERSION = 1;
				DEVELOPMENT_ASSET_PATHS = "\"HackathonApp/Preview Content\"";
				DEVELOPMENT_TEAM = 44ZWCLCJ2W;
				ENABLE_PREVIEWS = YES;
				GENERATE_INFOPLIST_FILE = YES;
				INFOPLIST_KEY_UIApplicationSceneManifest_Generation = YES;
				INFOPLIST_KEY_UIApplicationSupportsIndirectInputEvents = YES;
				INFOPLIST_KEY_UILaunchScreen_Generation = YES;
				INFOPLIST_KEY_UISupportedInterfaceOrientations_iPad = "UIInterfaceOrientationPortrait UIInterfaceOrientationPortraitUpsideDown UIInterfaceOrientationLandscapeLeft UIInterfaceOrientationLandscapeRight";
				INFOPLIST_KEY_UISupportedInterfaceOrientations_iPhone = "UIInterfaceOrientationPortrait UIInterfaceOrientationLandscapeLeft UIInterfaceOrientationLandscapeRight";
				IPHONEOS_DEPLOYMENT_TARGET = 14.0;
				LD_RUNPATH_SEARCH_PATHS = (
					"$(inherited)",
					"@executable_path/Frameworks",
				);
				MARKETING_VERSION = 1.0;
				PRODUCT_BUNDLE_IDENTIFIER = com.gmail.mrvalter566.HackathonApp;
				PRODUCT_NAME = "$(TARGET_NAME)";
				SWIFT_EMIT_LOC_STRINGS = YES;
				SWIFT_VERSION = 5.0;
				TARGETED_DEVICE_FAMILY = "1,2";
			};
			name = Release;
		};
/* End XCBuildConfiguration section */

/* Begin XCConfigurationList section */
		886F95F92710836C0019FE40 /* Build configuration list for PBXProject "HackathonApp" */ = {
			isa = XCConfigurationList;
			buildConfigurations = (
				886F960A2710836D0019FE40 /* Debug */,
				886F960B2710836D0019FE40 /* Release */,
			);
			defaultConfigurationIsVisible = 0;
			defaultConfigurationName = Release;
		};
		886F960C2710836D0019FE40 /* Build configuration list for PBXNativeTarget "HackathonApp" */ = {
			isa = XCConfigurationList;
			buildConfigurations = (
				886F960D2710836D0019FE40 /* Debug */,
				886F960E2710836D0019FE40 /* Release */,
			);
			defaultConfigurationIsVisible = 0;
			defaultConfigurationName = Release;
		};
/* End XCConfigurationList section */
	};
	rootObject = 886F95F62710836C0019FE40 /* Project object */;
}
